// !$*UTF8*$!
{
	archiveVersion = 1;
	classes = {
	};
	objectVersion = 50;
	objects = {

/* Begin PBXBuildFile section */
		25A831F3254FB7C800B7771A /* AppDelegate.m in Sources */ = {isa = PBXBuildFile; fileRef = 25A831F2254FB7C800B7771A /* AppDelegate.m */; };
		25A831F6254FB7C800B7771A /* SceneDelegate.m in Sources */ = {isa = PBXBuildFile; fileRef = 25A831F5254FB7C800B7771A /* SceneDelegate.m */; };
		25A831F9254FB7C800B7771A /* ViewController.m in Sources */ = {isa = PBXBuildFile; fileRef = 25A831F8254FB7C800B7771A /* ViewController.m */; };
		25A831FC254FB7C900B7771A /* Main.storyboard in Resources */ = {isa = PBXBuildFile; fileRef = 25A831FA254FB7C900B7771A /* Main.storyboard */; };
		25A831FE254FB7CB00B7771A /* Assets.xcassets in Resources */ = {isa = PBXBuildFile; fileRef = 25A831FD254FB7CB00B7771A /* Assets.xcassets */; };
		25A83201254FB7CB00B7771A /* LaunchScreen.storyboard in Resources */ = {isa = PBXBuildFile; fileRef = 25A831FF254FB7CB00B7771A /* LaunchScreen.storyboard */; };
		25A83204254FB7CB00B7771A /* main.m in Sources */ = {isa = PBXBuildFile; fileRef = 25A83203254FB7CB00B7771A /* main.m */; };
/* End PBXBuildFile section */

/* Begin PBXFileReference section */
		25A831EE254FB7C800B7771A /* Thread.app */ = {isa = PBXFileReference; explicitFileType = wrapper.application; includeInIndex = 0; path = Thread.app; sourceTree = BUILT_PRODUCTS_DIR; };
		25A831F1254FB7C800B7771A /* AppDelegate.h */ = {isa = PBXFileReference; lastKnownFileType = sourcecode.c.h; path = AppDelegate.h; sourceTree = "<group>"; };
		25A831F2254FB7C800B7771A /* AppDelegate.m */ = {isa = PBXFileReference; lastKnownFileType = sourcecode.c.objc; path = AppDelegate.m; sourceTree = "<group>"; };
		25A831F4254FB7C800B7771A /* SceneDelegate.h */ = {isa = PBXFileReference; lastKnownFileType = sourcecode.c.h; path = SceneDelegate.h; sourceTree = "<group>"; };
		25A831F5254FB7C800B7771A /* SceneDelegate.m */ = {isa = PBXFileReference; lastKnownFileType = sourcecode.c.objc; path = SceneDelegate.m; sourceTree = "<group>"; };
		25A831F7254FB7C800B7771A /* ViewController.h */ = {isa = PBXFileReference; lastKnownFileType = sourcecode.c.h; path = ViewController.h; sourceTree = "<group>"; };
		25A831F8254FB7C800B7771A /* ViewController.m */ = {isa = PBXFileReference; lastKnownFileType = sourcecode.c.objc; path = ViewController.m; sourceTree = "<group>"; };
		25A831FB254FB7C900B7771A /* Base */ = {isa = PBXFileReference; lastKnownFileType = file.storyboard; name = Base; path = Base.lproj/Main.storyboard; sourceTree = "<group>"; };
		25A831FD254FB7CB00B7771A /* Assets.xcassets */ = {isa = PBXFileReference; lastKnownFileType = folder.assetcatalog; path = Assets.xcassets; sourceTree = "<group>"; };
		25A83200254FB7CB00B7771A /* Base */ = {isa = PBXFileReference; lastKnownFileType = file.storyboard; name = Base; path = Base.lproj/LaunchScreen.storyboard; sourceTree = "<group>"; };
		25A83202254FB7CB00B7771A /* Info.plist */ = {isa = PBXFileReference; lastKnownFileType = text.plist.xml; path = Info.plist; sourceTree = "<group>"; };
		25A83203254FB7CB00B7771A /* main.m */ = {isa = PBXFileReference; lastKnownFileType = sourcecode.c.objc; path = main.m; sourceTree = "<group>"; };
/* End PBXFileReference section */

/* Begin PBXFrameworksBuildPhase section */
		25A831EB254FB7C800B7771A /* Frameworks */ = {
			isa = PBXFrameworksBuildPhase;
			buildActionMask = 2147483647;
			files = (
			);
			runOnlyForDeploymentPostprocessing = 0;
		};
/* End PBXFrameworksBuildPhase section */

/* Begin PBXGroup section */
		25A831E5254FB7C800B7771A = {
			isa = PBXGroup;
			children = (
				25A831F0254FB7C800B7771A /* Thread */,
				25A831EF254FB7C800B7771A /* Products */,
			);
			sourceTree = "<group>";
		};
		25A831EF254FB7C800B7771A /* Products */ = {
			isa = PBXGroup;
			children = (
				25A831EE254FB7C800B7771A /* Thread.app */,
			);
			name = Products;
			sourceTree = "<group>";
		};
		25A831F0254FB7C800B7771A /* Thread */ = {
			isa = PBXGroup;
			children = (
				25A831F1254FB7C800B7771A /* AppDelegate.h */,
				25A831F2254FB7C800B7771A /* AppDelegate.m */,
				25A831F4254FB7C800B7771A /* SceneDelegate.h */,
				25A831F5254FB7C800B7771A /* SceneDelegate.m */,
				25A831F7254FB7C800B7771A /* ViewController.h */,
				25A831F8254FB7C800B7771A /* ViewController.m */,
				25A831FA254FB7C900B7771A /* Main.storyboard */,
				25A831FD254FB7CB00B7771A /* Assets.xcassets */,
				25A831FF254FB7CB00B7771A /* LaunchScreen.storyboard */,
				25A83202254FB7CB00B7771A /* Info.plist */,
				25A83203254FB7CB00B7771A /* main.m */,
			);
			path = Thread;
			sourceTree = "<group>";
		};
/* End PBXGroup section */

/* Begin PBXNativeTarget section */
		25A831ED254FB7C800B7771A /* Thread */ = {
			isa = PBXNativeTarget;
			buildConfigurationList = 25A83207254FB7CB00B7771A /* Build configuration list for PBXNativeTarget "Thread" */;
			buildPhases = (
				25A831EA254FB7C800B7771A /* Sources */,
				25A831EB254FB7C800B7771A /* Frameworks */,
				25A831EC254FB7C800B7771A /* Resources */,
			);
			buildRules = (
			);
			dependencies = (
			);
			name = Thread;
			productName = Thread;
			productReference = 25A831EE254FB7C800B7771A /* Thread.app */;
			productType = "com.apple.product-type.application";
		};
/* End PBXNativeTarget section */

/* Begin PBXProject section */
		25A831E6254FB7C800B7771A /* Project object */ = {
			isa = PBXProject;
			attributes = {
				LastUpgradeCheck = 1210;
				TargetAttributes = {
					25A831ED254FB7C800B7771A = {
						CreatedOnToolsVersion = 12.1;
					};
				};
			};
			buildConfigurationList = 25A831E9254FB7C800B7771A /* Build configuration list for PBXProject "Thread" */;
			compatibilityVersion = "Xcode 9.3";
			developmentRegion = en;
			hasScannedForEncodings = 0;
			knownRegions = (
				en,
				Base,
			);
			mainGroup = 25A831E5254FB7C800B7771A;
			productRefGroup = 25A831EF254FB7C800B7771A /* Products */;
			projectDirPath = "";
			projectRoot = "";
			targets = (
				25A831ED254FB7C800B7771A /* Thread */,
			);
		};
/* End PBXProject section */

/* Begin PBXResourcesBuildPhase section */
		25A831EC254FB7C800B7771A /* Resources */ = {
			isa = PBXResourcesBuildPhase;
			buildActionMask = 2147483647;
			files = (
				25A83201254FB7CB00B7771A /* LaunchScreen.storyboard in Resources */,
				25A831FE254FB7CB00B7771A /* Assets.xcassets in Resources */,
				25A831FC254FB7C900B7771A /* Main.storyboard in Resources */,
			);
			runOnlyForDeploymentPostprocessing = 0;
		};
/* End PBXResourcesBuildPhase section */

/* Begin PBXSourcesBuildPhase section */
		25A831EA254FB7C800B7771A /* Sources */ = {
			isa = PBXSourcesBuildPhase;
			buildActionMask = 2147483647;
			files = (
				25A831F9254FB7C800B7771A /* ViewController.m in Sources */,
				25A831F3254FB7C800B7771A /* AppDelegate.m in Sources */,
				25A83204254FB7CB00B7771A /* main.m in Sources */,
				25A831F6254FB7C800B7771A /* SceneDelegate.m in Sources */,
			);
			runOnlyForDeploymentPostprocessing = 0;
		};
/* End PBXSourcesBuildPhase section */

/* Begin PBXVariantGroup section */
		25A831FA254FB7C900B7771A /* Main.storyboard */ = {
			isa = PBXVariantGroup;
			children = (
				25A831FB254FB7C900B7771A /* Base */,
			);
			name = Main.storyboard;
			sourceTree = "<group>";
		};
		25A831FF254FB7CB00B7771A /* LaunchScreen.storyboard */ = {
			isa = PBXVariantGroup;
			children = (
				25A83200254FB7CB00B7771A /* Base */,
			);
			name = LaunchScreen.storyboard;
			sourceTree = "<group>";
		};
/* End PBXVariantGroup section */

/* Begin XCBuildConfiguration section */
		25A83205254FB7CB00B7771A /* Debug */ = {
			isa = XCBuildConfiguration;
			buildSettings = {
				ALWAYS_SEARCH_USER_PATHS = NO;
				CLANG_ANALYZER_NONNULL = YES;
				CLANG_ANALYZER_NUMBER_OBJECT_CONVERSION = YES_AGGRESSIVE;
				CLANG_CXX_LANGUAGE_STANDARD = "gnu++14";
				CLANG_CXX_LIBRARY = "libc++";
				CLANG_ENABLE_MODULES = YES;
				CLANG_ENABLE_OBJC_ARC = YES;
				CLANG_ENABLE_OBJC_WEAK = YES;
				CLANG_WARN_BLOCK_CAPTURE_AUTORELEASING = YES;
				CLANG_WARN_BOOL_CONVERSION = YES;
				CLANG_WARN_COMMA = YES;
				CLANG_WARN_CONSTANT_CONVERSION = YES;
				CLANG_WARN_DEPRECATED_OBJC_IMPLEMENTATIONS = YES;
				CLANG_WARN_DIRECT_OBJC_ISA_USAGE = YES_ERROR;
				CLANG_WARN_DOCUMENTATION_COMMENTS = YES;
				CLANG_WARN_EMPTY_BODY = YES;
				CLANG_WARN_ENUM_CONVERSION = YES;
				CLANG_WARN_INFINITE_RECURSION = YES;
				CLANG_WARN_INT_CONVERSION = YES;
				CLANG_WARN_NON_LITERAL_NULL_CONVERSION = YES;
				CLANG_WARN_OBJC_IMPLICIT_RETAIN_SELF = YES;
				CLANG_WARN_OBJC_LITERAL_CONVERSION = YES;
				CLANG_WARN_OBJC_ROOT_CLASS = YES_ERROR;
				CLANG_WARN_QUOTED_INCLUDE_IN_FRAMEWORK_HEADER = YES;
				CLANG_WARN_RANGE_LOOP_ANALYSIS = YES;
				CLANG_WARN_STRICT_PROTOTYPES = YES;
				CLANG_WARN_SUSPICIOUS_MOVE = YES;
				CLANG_WARN_UNGUARDED_AVAILABILITY = YES_AGGRESSIVE;
				CLANG_WARN_UNREACHABLE_CODE = YES;
				CLANG_WARN__DUPLICATE_METHOD_MATCH = YES;
				COPY_PHASE_STRIP = NO;
				DEBUG_INFORMATION_FORMAT = dwarf;
				ENABLE_STRICT_OBJC_MSGSEND = YES;
				ENABLE_TESTABILITY = YES;
				GCC_C_LANGUAGE_STANDARD = gnu11;
				GCC_DYNAMIC_NO_PIC = NO;
				GCC_NO_COMMON_BLOCKS = YES;
				GCC_OPTIMIZATION_LEVEL = 0;
				GCC_PREPROCESSOR_DEFINITIONS = (
					"DEBUG=1",
					"$(inherited)",
				);
				GCC_WARN_64_TO_32_BIT_CONVERSION = YES;
				GCC_WARN_ABOUT_RETURN_TYPE = YES_ERROR;
				GCC_WARN_UNDECLARED_SELECTOR = YES;
				GCC_WARN_UNINITIALIZED_AUTOS = YES_AGGRESSIVE;
				GCC_WARN_UNUSED_FUNCTION = YES;
				GCC_WARN_UNUSED_VARIABLE = YES;
				IPHONEOS_DEPLOYMENT_TARGET = 14.1;
				MTL_ENABLE_DEBUG_INFO = INCLUDE_SOURCE;
				MTL_FAST_MATH = YES;
				ONLY_ACTIVE_ARCH = YES;
				SDKROOT = iphoneos;
			};
			name = Debug;
		};
		25A83206254FB7CB00B7771A /* Release */ = {
			isa = XCBuildConfiguration;
			buildSettings = {
				ALWAYS_SEARCH_USER_PATHS = NO;
				CLANG_ANALYZER_NONNULL = YES;
				CLANG_ANALYZER_NUMBER_OBJECT_CONVERSION = YES_AGGRESSIVE;
				CLANG_CXX_LANGUAGE_STANDARD = "gnu++14";
				CLANG_CXX_LIBRARY = "libc++";
				CLANG_ENABLE_MODULES = YES;
				CLANG_ENABLE_OBJC_ARC = YES;
				CLANG_ENABLE_OBJC_WEAK = YES;
				CLANG_WARN_BLOCK_CAPTURE_AUTORELEASING = YES;
				CLANG_WARN_BOOL_CONVERSION = YES;
				CLANG_WARN_COMMA = YES;
				CLANG_WARN_CONSTANT_CONVERSION = YES;
				CLANG_WARN_DEPRECATED_OBJC_IMPLEMENTATIONS = YES;
				CLANG_WARN_DIRECT_OBJC_ISA_USAGE = YES_ERROR;
				CLANG_WARN_DOCUMENTATION_COMMENTS = YES;
				CLANG_WARN_EMPTY_BODY = YES;
				CLANG_WARN_ENUM_CONVERSION = YES;
				CLANG_WARN_INFINITE_RECURSION = YES;
				CLANG_WARN_INT_CONVERSION = YES;
				CLANG_WARN_NON_LITERAL_NULL_CONVERSION = YES;
				CLANG_WARN_OBJC_IMPLICIT_RETAIN_SELF = YES;
				CLANG_WARN_OBJC_LITERAL_CONVERSION = YES;
				CLANG_WARN_OBJC_ROOT_CLASS = YES_ERROR;
				CLANG_WARN_QUOTED_INCLUDE_IN_FRAMEWORK_HEADER = YES;
				CLANG_WARN_RANGE_LOOP_ANALYSIS = YES;
				CLANG_WARN_STRICT_PROTOTYPES = YES;
				CLANG_WARN_SUSPICIOUS_MOVE = YES;
				CLANG_WARN_UNGUARDED_AVAILABILITY = YES_AGGRESSIVE;
				CLANG_WARN_UNREACHABLE_CODE = YES;
				CLANG_WARN__DUPLICATE_METHOD_MATCH = YES;
				COPY_PHASE_STRIP = NO;
				DEBUG_INFORMATION_FORMAT = "dwarf-with-dsym";
				ENABLE_NS_ASSERTIONS = NO;
				ENABLE_STRICT_OBJC_MSGSEND = YES;
				GCC_C_LANGUAGE_STANDARD = gnu11;
				GCC_NO_COMMON_BLOCKS = YES;
				GCC_WARN_64_TO_32_BIT_CONVERSION = YES;
				GCC_WARN_ABOUT_RETURN_TYPE = YES_ERROR;
				GCC_WARN_UNDECLARED_SELECTOR = YES;
				GCC_WARN_UNINITIALIZED_AUTOS = YES_AGGRESSIVE;
				GCC_WARN_UNUSED_FUNCTION = YES;
				GCC_WARN_UNUSED_VARIABLE = YES;
				IPHONEOS_DEPLOYMENT_TARGET = 14.1;
				MTL_ENABLE_DEBUG_INFO = NO;
				MTL_FAST_MATH = YES;
				SDKROOT = iphoneos;
				VALIDATE_PRODUCT = YES;
			};
			name = Release;
		};
		25A83208254FB7CB00B7771A /* Debug */ = {
			isa = XCBuildConfiguration;
			buildSettings = {
				ASSETCATALOG_COMPILER_APPICON_NAME = AppIcon;
				ASSETCATALOG_COMPILER_GLOBAL_ACCENT_COLOR_NAME = AccentColor;
				CODE_SIGN_STYLE = Automatic;
				DEVELOPMENT_TEAM = W43WD399J7;
				INFOPLIST_FILE = Thread/Info.plist;
				LD_RUNPATH_SEARCH_PATHS = (
					"$(inherited)",
					"@executable_path/Frameworks",
				);
				PRODUCT_BUNDLE_IDENTIFIER = YQQ.Thread;
				PRODUCT_NAME = "$(TARGET_NAME)";
				TARGETED_DEVICE_FAMILY = "1,2";
			};
			name = Debug;
		};
		25A83209254FB7CB00B7771A /* Release */ = {
			isa = XCBuildConfiguration;
			buildSettings = {
				ASSETCATALOG_COMPILER_APPICON_NAME = AppIcon;
				ASSETCATALOG_COMPILER_GLOBAL_ACCENT_COLOR_NAME = AccentColor;
				CODE_SIGN_STYLE = Automatic;
				DEVELOPMENT_TEAM = W43WD399J7;
				INFOPLIST_FILE = Thread/Info.plist;
				LD_RUNPATH_SEARCH_PATHS = (
					"$(inherited)",
					"@executable_path/Frameworks",
				);
				PRODUCT_BUNDLE_IDENTIFIER = YQQ.Thread;
				PRODUCT_NAME = "$(TARGET_NAME)";
				TARGETED_DEVICE_FAMILY = "1,2";
			};
			name = Release;
		};
/* End XCBuildConfiguration section */

/* Begin XCConfigurationList section */
		25A831E9254FB7C800B7771A /* Build configuration list for PBXProject "Thread" */ = {
			isa = XCConfigurationList;
			buildConfigurations = (
				25A83205254FB7CB00B7771A /* Debug */,
				25A83206254FB7CB00B7771A /* Release */,
			);
			defaultConfigurationIsVisible = 0;
			defaultConfigurationName = Release;
		};
		25A83207254FB7CB00B7771A /* Build configuration list for PBXNativeTarget "Thread" */ = {
			isa = XCConfigurationList;
			buildConfigurations = (
				25A83208254FB7CB00B7771A /* Debug */,
				25A83209254FB7CB00B7771A /* Release */,
			);
			defaultConfigurationIsVisible = 0;
			defaultConfigurationName = Release;
		};
/* End XCConfigurationList section */
	};
	rootObject = 25A831E6254FB7C800B7771A /* Project object */;
}
